
Microsoft Visual Studio Solution File, Format Version 12.00
# Visual Studio Version 17
VisualStudioVersion = 17.9.34728.123
MinimumVisualStudioVersion = 10.0.40219.1
Project("{8BC9CEB8-8B4A-11D0-8D11-00A0C91BC942}") = "MT3_02_05", "MT3_02_05.vcxproj", "{1C39657E-E4B1-4A30-A8FE-3A37943C5C67}"
EndProject
Global
	GlobalSection(SolutionConfigurationPlatforms) = preSolution
		Debug|x64 = Debug|x64
		Release|x64 = Release|x64
	EndGlobalSection
	GlobalSection(ProjectConfigurationPlatforms) = postSolution
		{1C39657E-E4B1-4A30-A8FE-3A37943C5C67}.Debug|x64.ActiveCfg = Debug|x64
		{1C39657E-E4B1-4A30-A8FE-3A37943C5C67}.Debug|x64.Build.0 = Debug|x64
		{1C39657E-E4B1-4A30-A8FE-3A37943C5C67}.Release|x64.ActiveCfg = Release|x64
		{1C39657E-E4B1-4A30-A8FE-3A37943C5C67}.Release|x64.Build.0 = Release|x64
	EndGlobalSection
	GlobalSection(SolutionProperties) = preSolution
		HideSolutionNode = FALSE
	EndGlobalSection
	GlobalSection(ExtensibilityGlobals) = postSolution
		SolutionGuid = {4EFC3BDA-D830-4E77-8DAF-15D35029DE88}
	EndGlobalSection
EndGlobal
